
Microsoft Visual Studio Solution File, Format Version 12.00
# Visual Studio Version 17
VisualStudioVersion = 17.14.37216.2 d17.14
MinimumVisualStudioVersion = 10.0.40219.1
Project("{FAE04EC0-301F-11D3-BF4B-00C04F79EFBC}") = "shapovalova_pr2", "shapovalova_pr2\shapovalova_pr2.csproj", "{043C44D9-EE54-49D4-B230-F38C2BE1CE01}"
EndProject
Global
	GlobalSection(SolutionConfigurationPlatforms) = preSolution
		Debug|Any CPU = Debug|Any CPU
		Release|Any CPU = Release|Any CPU
	EndGlobalSection
	GlobalSection(ProjectConfigurationPlatforms) = postSolution
		{043C44D9-EE54-49D4-B230-F38C2BE1CE01}.Debug|Any CPU.ActiveCfg = Debug|Any CPU
		{043C44D9-EE54-49D4-B230-F38C2BE1CE01}.Debug|Any CPU.Build.0 = Debug|Any CPU
		{043C44D9-EE54-49D4-B230-F38C2BE1CE01}.Release|Any CPU.ActiveCfg = Release|Any CPU
		{043C44D9-EE54-49D4-B230-F38C2BE1CE01}.Release|Any CPU.Build.0 = Release|Any CPU
	EndGlobalSection
	GlobalSection(SolutionProperties) = preSolution
		HideSolutionNode = FALSE
	EndGlobalSection
	GlobalSection(ExtensibilityGlobals) = postSolution
		SolutionGuid = {26315BE2-61A7-4967-B091-1D02337B85E3}
	EndGlobalSection
EndGlobal
